uuid: 8030e851-fb60-4f52-b271-d29bf9a24ceb
langcode: en
status: true
dependencies:
  module:
    - paragraphs
    - views
id: paragraph.field_view_block
field_name: field_view_block
entity_type: paragraph
type: entity_reference
settings:
  target_type: view
module: core
locked: false
cardinality: 1
translatable: true
indexes: {  }
persist_with_no_fields: false
custom_storage: false
